// !$*UTF8*$!
{
	archiveVersion = 1;
	classes = {
	};
	objectVersion = 55;
	objects = {

/* Begin PBXBuildFile section */
		3A8AC90928CDFE5D00AE536C /* AppDelegate.swift in Sources */ = {isa = PBXBuildFile; fileRef = 3A8AC90828CDFE5D00AE536C /* AppDelegate.swift */; };
		3A8AC90B28CDFE5D00AE536C /* SceneDelegate.swift in Sources */ = {isa = PBXBuildFile; fileRef = 3A8AC90A28CDFE5D00AE536C /* SceneDelegate.swift */; };
		3A8AC90D28CDFE5D00AE536C /* ViewController.swift in Sources */ = {isa = PBXBuildFile; fileRef = 3A8AC90C28CDFE5D00AE536C /* ViewController.swift */; };
		3A8AC91028CDFE5D00AE536C /* Main.storyboard in Resources */ = {isa = PBXBuildFile; fileRef = 3A8AC90E28CDFE5D00AE536C /* Main.storyboard */; };
		3A8AC91328CDFE5D00AE536C /* ACNGoT.xcdatamodeld in Sources */ = {isa = PBXBuildFile; fileRef = 3A8AC91128CDFE5D00AE536C /* ACNGoT.xcdatamodeld */; };
		3A8AC91528CDFE5E00AE536C /* Assets.xcassets in Resources */ = {isa = PBXBuildFile; fileRef = 3A8AC91428CDFE5E00AE536C /* Assets.xcassets */; };
		3A8AC91828CDFE5E00AE536C /* LaunchScreen.storyboard in Resources */ = {isa = PBXBuildFile; fileRef = 3A8AC91628CDFE5E00AE536C /* LaunchScreen.storyboard */; };
		3A8AC92328CDFE5E00AE536C /* ACNGoTTests.swift in Sources */ = {isa = PBXBuildFile; fileRef = 3A8AC92228CDFE5E00AE536C /* ACNGoTTests.swift */; };
		3A8AC92D28CDFE5E00AE536C /* ACNGoTUITests.swift in Sources */ = {isa = PBXBuildFile; fileRef = 3A8AC92C28CDFE5E00AE536C /* ACNGoTUITests.swift */; };
		3A8AC92F28CDFE5E00AE536C /* ACNGoTUITestsLaunchTests.swift in Sources */ = {isa = PBXBuildFile; fileRef = 3A8AC92E28CDFE5E00AE536C /* ACNGoTUITestsLaunchTests.swift */; };
/* End PBXBuildFile section */

/* Begin PBXContainerItemProxy section */
		3A8AC91F28CDFE5E00AE536C /* PBXContainerItemProxy */ = {
			isa = PBXContainerItemProxy;
			containerPortal = 3A8AC8FD28CDFE5D00AE536C /* Project object */;
			proxyType = 1;
			remoteGlobalIDString = 3A8AC90428CDFE5D00AE536C;
			remoteInfo = ACNGoT;
		};
		3A8AC92928CDFE5E00AE536C /* PBXContainerItemProxy */ = {
			isa = PBXContainerItemProxy;
			containerPortal = 3A8AC8FD28CDFE5D00AE536C /* Project object */;
			proxyType = 1;
			remoteGlobalIDString = 3A8AC90428CDFE5D00AE536C;
			remoteInfo = ACNGoT;
		};
/* End PBXContainerItemProxy section */

/* Begin PBXFileReference section */
		3A8AC90528CDFE5D00AE536C /* ACNGoT.app */ = {isa = PBXFileReference; explicitFileType = wrapper.application; includeInIndex = 0; path = ACNGoT.app; sourceTree = BUILT_PRODUCTS_DIR; };
		3A8AC90828CDFE5D00AE536C /* AppDelegate.swift */ = {isa = PBXFileReference; lastKnownFileType = sourcecode.swift; path = AppDelegate.swift; sourceTree = "<group>"; };
		3A8AC90A28CDFE5D00AE536C /* SceneDelegate.swift */ = {isa = PBXFileReference; lastKnownFileType = sourcecode.swift; path = SceneDelegate.swift; sourceTree = "<group>"; };
		3A8AC90C28CDFE5D00AE536C /* ViewController.swift */ = {isa = PBXFileReference; lastKnownFileType = sourcecode.swift; path = ViewController.swift; sourceTree = "<group>"; };
		3A8AC90F28CDFE5D00AE536C /* Base */ = {isa = PBXFileReference; lastKnownFileType = file.storyboard; name = Base; path = Base.lproj/Main.storyboard; sourceTree = "<group>"; };
		3A8AC91228CDFE5D00AE536C /* ACNGoT.xcdatamodel */ = {isa = PBXFileReference; lastKnownFileType = wrapper.xcdatamodel; path = ACNGoT.xcdatamodel; sourceTree = "<group>"; };
		3A8AC91428CDFE5E00AE536C /* Assets.xcassets */ = {isa = PBXFileReference; lastKnownFileType = folder.assetcatalog; path = Assets.xcassets; sourceTree = "<group>"; };
		3A8AC91728CDFE5E00AE536C /* Base */ = {isa = PBXFileReference; lastKnownFileType = file.storyboard; name = Base; path = Base.lproj/LaunchScreen.storyboard; sourceTree = "<group>"; };
		3A8AC91928CDFE5E00AE536C /* Info.plist */ = {isa = PBXFileReference; lastKnownFileType = text.plist.xml; path = Info.plist; sourceTree = "<group>"; };
		3A8AC91E28CDFE5E00AE536C /* ACNGoTTests.xctest */ = {isa = PBXFileReference; explicitFileType = wrapper.cfbundle; includeInIndex = 0; path = ACNGoTTests.xctest; sourceTree = BUILT_PRODUCTS_DIR; };
		3A8AC92228CDFE5E00AE536C /* ACNGoTTests.swift */ = {isa = PBXFileReference; lastKnownFileType = sourcecode.swift; path = ACNGoTTests.swift; sourceTree = "<group>"; };
		3A8AC92828CDFE5E00AE536C /* ACNGoTUITests.xctest */ = {isa = PBXFileReference; explicitFileType = wrapper.cfbundle; includeInIndex = 0; path = ACNGoTUITests.xctest; sourceTree = BUILT_PRODUCTS_DIR; };
		3A8AC92C28CDFE5E00AE536C /* ACNGoTUITests.swift */ = {isa = PBXFileReference; lastKnownFileType = sourcecode.swift; path = ACNGoTUITests.swift; sourceTree = "<group>"; };
		3A8AC92E28CDFE5E00AE536C /* ACNGoTUITestsLaunchTests.swift */ = {isa = PBXFileReference; lastKnownFileType = sourcecode.swift; path = ACNGoTUITestsLaunchTests.swift; sourceTree = "<group>"; };
/* End PBXFileReference section */

/* Begin PBXFrameworksBuildPhase section */
		3A8AC90228CDFE5D00AE536C /* Frameworks */ = {
			isa = PBXFrameworksBuildPhase;
			buildActionMask = 2147483647;
			files = (
			);
			runOnlyForDeploymentPostprocessing = 0;
		};
		3A8AC91B28CDFE5E00AE536C /* Frameworks */ = {
			isa = PBXFrameworksBuildPhase;
			buildActionMask = 2147483647;
			files = (
			);
			runOnlyForDeploymentPostprocessing = 0;
		};
		3A8AC92528CDFE5E00AE536C /* Frameworks */ = {
			isa = PBXFrameworksBuildPhase;
			buildActionMask = 2147483647;
			files = (
			);
			runOnlyForDeploymentPostprocessing = 0;
		};
/* End PBXFrameworksBuildPhase section */

/* Begin PBXGroup section */
		3A8AC8FC28CDFE5D00AE536C = {
			isa = PBXGroup;
			children = (
				3A8AC90728CDFE5D00AE536C /* ACNGoT */,
				3A8AC92128CDFE5E00AE536C /* ACNGoTTests */,
				3A8AC92B28CDFE5E00AE536C /* ACNGoTUITests */,
				3A8AC90628CDFE5D00AE536C /* Products */,
			);
			sourceTree = "<group>";
		};
		3A8AC90628CDFE5D00AE536C /* Products */ = {
			isa = PBXGroup;
			children = (
				3A8AC90528CDFE5D00AE536C /* ACNGoT.app */,
				3A8AC91E28CDFE5E00AE536C /* ACNGoTTests.xctest */,
				3A8AC92828CDFE5E00AE536C /* ACNGoTUITests.xctest */,
			);
			name = Products;
			sourceTree = "<group>";
		};
		3A8AC90728CDFE5D00AE536C /* ACNGoT */ = {
			isa = PBXGroup;
			children = (
				3A8AC90828CDFE5D00AE536C /* AppDelegate.swift */,
				3A8AC90A28CDFE5D00AE536C /* SceneDelegate.swift */,
				3A8AC90C28CDFE5D00AE536C /* ViewController.swift */,
				3A8AC90E28CDFE5D00AE536C /* Main.storyboard */,
				3A8AC91428CDFE5E00AE536C /* Assets.xcassets */,
				3A8AC91628CDFE5E00AE536C /* LaunchScreen.storyboard */,
				3A8AC91928CDFE5E00AE536C /* Info.plist */,
				3A8AC91128CDFE5D00AE536C /* ACNGoT.xcdatamodeld */,
			);
			path = ACNGoT;
			sourceTree = "<group>";
		};
		3A8AC92128CDFE5E00AE536C /* ACNGoTTests */ = {
			isa = PBXGroup;
			children = (
				3A8AC92228CDFE5E00AE536C /* ACNGoTTests.swift */,
			);
			path = ACNGoTTests;
			sourceTree = "<group>";
		};
		3A8AC92B28CDFE5E00AE536C /* ACNGoTUITests */ = {
			isa = PBXGroup;
			children = (
				3A8AC92C28CDFE5E00AE536C /* ACNGoTUITests.swift */,
				3A8AC92E28CDFE5E00AE536C /* ACNGoTUITestsLaunchTests.swift */,
			);
			path = ACNGoTUITests;
			sourceTree = "<group>";
		};
/* End PBXGroup section */

/* Begin PBXNativeTarget section */
		3A8AC90428CDFE5D00AE536C /* ACNGoT */ = {
			isa = PBXNativeTarget;
			buildConfigurationList = 3A8AC93228CDFE5E00AE536C /* Build configuration list for PBXNativeTarget "ACNGoT" */;
			buildPhases = (
				3A8AC90128CDFE5D00AE536C /* Sources */,
				3A8AC90228CDFE5D00AE536C /* Frameworks */,
				3A8AC90328CDFE5D00AE536C /* Resources */,
			);
			buildRules = (
			);
			dependencies = (
			);
			name = ACNGoT;
			productName = ACNGoT;
			productReference = 3A8AC90528CDFE5D00AE536C /* ACNGoT.app */;
			productType = "com.apple.product-type.application";
		};
		3A8AC91D28CDFE5E00AE536C /* ACNGoTTests */ = {
			isa = PBXNativeTarget;
			buildConfigurationList = 3A8AC93528CDFE5E00AE536C /* Build configuration list for PBXNativeTarget "ACNGoTTests" */;
			buildPhases = (
				3A8AC91A28CDFE5E00AE536C /* Sources */,
				3A8AC91B28CDFE5E00AE536C /* Frameworks */,
				3A8AC91C28CDFE5E00AE536C /* Resources */,
			);
			buildRules = (
			);
			dependencies = (
				3A8AC92028CDFE5E00AE536C /* PBXTargetDependency */,
			);
			name = ACNGoTTests;
			productName = ACNGoTTests;
			productReference = 3A8AC91E28CDFE5E00AE536C /* ACNGoTTests.xctest */;
			productType = "com.apple.product-type.bundle.unit-test";
		};
		3A8AC92728CDFE5E00AE536C /* ACNGoTUITests */ = {
			isa = PBXNativeTarget;
			buildConfigurationList = 3A8AC93828CDFE5E00AE536C /* Build configuration list for PBXNativeTarget "ACNGoTUITests" */;
			buildPhases = (
				3A8AC92428CDFE5E00AE536C /* Sources */,
				3A8AC92528CDFE5E00AE536C /* Frameworks */,
				3A8AC92628CDFE5E00AE536C /* Resources */,
			);
			buildRules = (
			);
			dependencies = (
				3A8AC92A28CDFE5E00AE536C /* PBXTargetDependency */,
			);
			name = ACNGoTUITests;
			productName = ACNGoTUITests;
			productReference = 3A8AC92828CDFE5E00AE536C /* ACNGoTUITests.xctest */;
			productType = "com.apple.product-type.bundle.ui-testing";
		};
/* End PBXNativeTarget section */

/* Begin PBXProject section */
		3A8AC8FD28CDFE5D00AE536C /* Project object */ = {
			isa = PBXProject;
			attributes = {
				BuildIndependentTargetsInParallel = 1;
				LastSwiftUpdateCheck = 1330;
				LastUpgradeCheck = 1330;
				TargetAttributes = {
					3A8AC90428CDFE5D00AE536C = {
						CreatedOnToolsVersion = 13.3;
					};
					3A8AC91D28CDFE5E00AE536C = {
						CreatedOnToolsVersion = 13.3;
						TestTargetID = 3A8AC90428CDFE5D00AE536C;
					};
					3A8AC92728CDFE5E00AE536C = {
						CreatedOnToolsVersion = 13.3;
						TestTargetID = 3A8AC90428CDFE5D00AE536C;
					};
				};
			};
			buildConfigurationList = 3A8AC90028CDFE5D00AE536C /* Build configuration list for PBXProject "ACNGoT" */;
			compatibilityVersion = "Xcode 13.0";
			developmentRegion = en;
			hasScannedForEncodings = 0;
			knownRegions = (
				en,
				Base,
			);
			mainGroup = 3A8AC8FC28CDFE5D00AE536C;
			productRefGroup = 3A8AC90628CDFE5D00AE536C /* Products */;
			projectDirPath = "";
			projectRoot = "";
			targets = (
				3A8AC90428CDFE5D00AE536C /* ACNGoT */,
				3A8AC91D28CDFE5E00AE536C /* ACNGoTTests */,
				3A8AC92728CDFE5E00AE536C /* ACNGoTUITests */,
			);
		};
/* End PBXProject section */

/* Begin PBXResourcesBuildPhase section */
		3A8AC90328CDFE5D00AE536C /* Resources */ = {
			isa = PBXResourcesBuildPhase;
			buildActionMask = 2147483647;
			files = (
				3A8AC91828CDFE5E00AE536C /* LaunchScreen.storyboard in Resources */,
				3A8AC91528CDFE5E00AE536C /* Assets.xcassets in Resources */,
				3A8AC91028CDFE5D00AE536C /* Main.storyboard in Resources */,
			);
			runOnlyForDeploymentPostprocessing = 0;
		};
		3A8AC91C28CDFE5E00AE536C /* Resources */ = {
			isa = PBXResourcesBuildPhase;
			buildActionMask = 2147483647;
			files = (
			);
			runOnlyForDeploymentPostprocessing = 0;
		};
		3A8AC92628CDFE5E00AE536C /* Resources */ = {
			isa = PBXResourcesBuildPhase;
			buildActionMask = 2147483647;
			files = (
			);
			runOnlyForDeploymentPostprocessing = 0;
		};
/* End PBXResourcesBuildPhase section */

/* Begin PBXSourcesBuildPhase section */
		3A8AC90128CDFE5D00AE536C /* Sources */ = {
			isa = PBXSourcesBuildPhase;
			buildActionMask = 2147483647;
			files = (
				3A8AC90D28CDFE5D00AE536C /* ViewController.swift in Sources */,
				3A8AC90928CDFE5D00AE536C /* AppDelegate.swift in Sources */,
				3A8AC90B28CDFE5D00AE536C /* SceneDelegate.swift in Sources */,
				3A8AC91328CDFE5D00AE536C /* ACNGoT.xcdatamodeld in Sources */,
			);
			runOnlyForDeploymentPostprocessing = 0;
		};
		3A8AC91A28CDFE5E00AE536C /* Sources */ = {
			isa = PBXSourcesBuildPhase;
			buildActionMask = 2147483647;
			files = (
				3A8AC92328CDFE5E00AE536C /* ACNGoTTests.swift in Sources */,
			);
			runOnlyForDeploymentPostprocessing = 0;
		};
		3A8AC92428CDFE5E00AE536C /* Sources */ = {
			isa = PBXSourcesBuildPhase;
			buildActionMask = 2147483647;
			files = (
				3A8AC92F28CDFE5E00AE536C /* ACNGoTUITestsLaunchTests.swift in Sources */,
				3A8AC92D28CDFE5E00AE536C /* ACNGoTUITests.swift in Sources */,
			);
			runOnlyForDeploymentPostprocessing = 0;
		};
/* End PBXSourcesBuildPhase section */

/* Begin PBXTargetDependency section */
		3A8AC92028CDFE5E00AE536C /* PBXTargetDependency */ = {
			isa = PBXTargetDependency;
			target = 3A8AC90428CDFE5D00AE536C /* ACNGoT */;
			targetProxy = 3A8AC91F28CDFE5E00AE536C /* PBXContainerItemProxy */;
		};
		3A8AC92A28CDFE5E00AE536C /* PBXTargetDependency */ = {
			isa = PBXTargetDependency;
			target = 3A8AC90428CDFE5D00AE536C /* ACNGoT */;
			targetProxy = 3A8AC92928CDFE5E00AE536C /* PBXContainerItemProxy */;
		};
/* End PBXTargetDependency section */

/* Begin PBXVariantGroup section */
		3A8AC90E28CDFE5D00AE536C /* Main.storyboard */ = {
			isa = PBXVariantGroup;
			children = (
				3A8AC90F28CDFE5D00AE536C /* Base */,
			);
			name = Main.storyboard;
			sourceTree = "<group>";
		};
		3A8AC91628CDFE5E00AE536C /* LaunchScreen.storyboard */ = {
			isa = PBXVariantGroup;
			children = (
				3A8AC91728CDFE5E00AE536C /* Base */,
			);
			name = LaunchScreen.storyboard;
			sourceTree = "<group>";
		};
/* End PBXVariantGroup section */

/* Begin XCBuildConfiguration section */
		3A8AC93028CDFE5E00AE536C /* Debug */ = {
			isa = XCBuildConfiguration;
			buildSettings = {
				ALWAYS_SEARCH_USER_PATHS = NO;
				CLANG_ANALYZER_NONNULL = YES;
				CLANG_ANALYZER_NUMBER_OBJECT_CONVERSION = YES_AGGRESSIVE;
				CLANG_CXX_LANGUAGE_STANDARD = "gnu++17";
				CLANG_ENABLE_MODULES = YES;
				CLANG_ENABLE_OBJC_ARC = YES;
				CLANG_ENABLE_OBJC_WEAK = YES;
				CLANG_WARN_BLOCK_CAPTURE_AUTORELEASING = YES;
				CLANG_WARN_BOOL_CONVERSION = YES;
				CLANG_WARN_COMMA = YES;
				CLANG_WARN_CONSTANT_CONVERSION = YES;
				CLANG_WARN_DEPRECATED_OBJC_IMPLEMENTATIONS = YES;
				CLANG_WARN_DIRECT_OBJC_ISA_USAGE = YES_ERROR;
				CLANG_WARN_DOCUMENTATION_COMMENTS = YES;
				CLANG_WARN_EMPTY_BODY = YES;
				CLANG_WARN_ENUM_CONVERSION = YES;
				CLANG_WARN_INFINITE_RECURSION = YES;
				CLANG_WARN_INT_CONVERSION = YES;
				CLANG_WARN_NON_LITERAL_NULL_CONVERSION = YES;
				CLANG_WARN_OBJC_IMPLICIT_RETAIN_SELF = YES;
				CLANG_WARN_OBJC_LITERAL_CONVERSION = YES;
				CLANG_WARN_OBJC_ROOT_CLASS = YES_ERROR;
				CLANG_WARN_QUOTED_INCLUDE_IN_FRAMEWORK_HEADER = YES;
				CLANG_WARN_RANGE_LOOP_ANALYSIS = YES;
				CLANG_WARN_STRICT_PROTOTYPES = YES;
				CLANG_WARN_SUSPICIOUS_MOVE = YES;
				CLANG_WARN_UNGUARDED_AVAILABILITY = YES_AGGRESSIVE;
				CLANG_WARN_UNREACHABLE_CODE = YES;
				CLANG_WARN__DUPLICATE_METHOD_MATCH = YES;
				COPY_PHASE_STRIP = NO;
				DEBUG_INFORMATION_FORMAT = dwarf;
				ENABLE_STRICT_OBJC_MSGSEND = YES;
				ENABLE_TESTABILITY = YES;
				GCC_C_LANGUAGE_STANDARD = gnu11;
				GCC_DYNAMIC_NO_PIC = NO;
				GCC_NO_COMMON_BLOCKS = YES;
				GCC_OPTIMIZATION_LEVEL = 0;
				GCC_PREPROCESSOR_DEFINITIONS = (
					"DEBUG=1",
					"$(inherited)",
				);
				GCC_WARN_64_TO_32_BIT_CONVERSION = YES;
				GCC_WARN_ABOUT_RETURN_TYPE = YES_ERROR;
				GCC_WARN_UNDECLARED_SELECTOR = YES;
				GCC_WARN_UNINITIALIZED_AUTOS = YES_AGGRESSIVE;
				GCC_WARN_UNUSED_FUNCTION = YES;
				GCC_WARN_UNUSED_VARIABLE = YES;
				IPHONEOS_DEPLOYMENT_TARGET = 15.4;
				MTL_ENABLE_DEBUG_INFO = INCLUDE_SOURCE;
				MTL_FAST_MATH = YES;
				ONLY_ACTIVE_ARCH = YES;
				SDKROOT = iphoneos;
				SWIFT_ACTIVE_COMPILATION_CONDITIONS = DEBUG;
				SWIFT_OPTIMIZATION_LEVEL = "-Onone";
			};
			name = Debug;
		};
		3A8AC93128CDFE5E00AE536C /* Release */ = {
			isa = XCBuildConfiguration;
			buildSettings = {
				ALWAYS_SEARCH_USER_PATHS = NO;
				CLANG_ANALYZER_NONNULL = YES;
				CLANG_ANALYZER_NUMBER_OBJECT_CONVERSION = YES_AGGRESSIVE;
				CLANG_CXX_LANGUAGE_STANDARD = "gnu++17";
				CLANG_ENABLE_MODULES = YES;
				CLANG_ENABLE_OBJC_ARC = YES;
				CLANG_ENABLE_OBJC_WEAK = YES;
				CLANG_WARN_BLOCK_CAPTURE_AUTORELEASING = YES;
				CLANG_WARN_BOOL_CONVERSION = YES;
				CLANG_WARN_COMMA = YES;
				CLANG_WARN_CONSTANT_CONVERSION = YES;
				CLANG_WARN_DEPRECATED_OBJC_IMPLEMENTATIONS = YES;
				CLANG_WARN_DIRECT_OBJC_ISA_USAGE = YES_ERROR;
				CLANG_WARN_DOCUMENTATION_COMMENTS = YES;
				CLANG_WARN_EMPTY_BODY = YES;
				CLANG_WARN_ENUM_CONVERSION = YES;
				CLANG_WARN_INFINITE_RECURSION = YES;
				CLANG_WARN_INT_CONVERSION = YES;
				CLANG_WARN_NON_LITERAL_NULL_CONVERSION = YES;
				CLANG_WARN_OBJC_IMPLICIT_RETAIN_SELF = YES;
				CLANG_WARN_OBJC_LITERAL_CONVERSION = YES;
				CLANG_WARN_OBJC_ROOT_CLASS = YES_ERROR;
				CLANG_WARN_QUOTED_INCLUDE_IN_FRAMEWORK_HEADER = YES;
				CLANG_WARN_RANGE_LOOP_ANALYSIS = YES;
				CLANG_WARN_STRICT_PROTOTYPES = YES;
				CLANG_WARN_SUSPICIOUS_MOVE = YES;
				CLANG_WARN_UNGUARDED_AVAILABILITY = YES_AGGRESSIVE;
				CLANG_WARN_UNREACHABLE_CODE = YES;
				CLANG_WARN__DUPLICATE_METHOD_MATCH = YES;
				COPY_PHASE_STRIP = NO;
				DEBUG_INFORMATION_FORMAT = "dwarf-with-dsym";
				ENABLE_NS_ASSERTIONS = NO;
				ENABLE_STRICT_OBJC_MSGSEND = YES;
				GCC_C_LANGUAGE_STANDARD = gnu11;
				GCC_NO_COMMON_BLOCKS = YES;
				GCC_WARN_64_TO_32_BIT_CONVERSION = YES;
				GCC_WARN_ABOUT_RETURN_TYPE = YES_ERROR;
				GCC_WARN_UNDECLARED_SELECTOR = YES;
				GCC_WARN_UNINITIALIZED_AUTOS = YES_AGGRESSIVE;
				GCC_WARN_UNUSED_FUNCTION = YES;
				GCC_WARN_UNUSED_VARIABLE = YES;
				IPHONEOS_DEPLOYMENT_TARGET = 15.4;
				MTL_ENABLE_DEBUG_INFO = NO;
				MTL_FAST_MATH = YES;
				SDKROOT = iphoneos;
				SWIFT_COMPILATION_MODE = wholemodule;
				SWIFT_OPTIMIZATION_LEVEL = "-O";
				VALIDATE_PRODUCT = YES;
			};
			name = Release;
		};
		3A8AC93328CDFE5E00AE536C /* Debug */ = {
			isa = XCBuildConfiguration;
			buildSettings = {
				ASSETCATALOG_COMPILER_APPICON_NAME = AppIcon;
				ASSETCATALOG_COMPILER_GLOBAL_ACCENT_COLOR_NAME = AccentColor;
				CODE_SIGN_STYLE = Automatic;
				CURRENT_PROJECT_VERSION = 1;
				DEVELOPMENT_TEAM = K7629MSRK2;
				GENERATE_INFOPLIST_FILE = YES;
				INFOPLIST_FILE = ACNGoT/Info.plist;
				INFOPLIST_KEY_UIApplicationSupportsIndirectInputEvents = YES;
				INFOPLIST_KEY_UILaunchStoryboardName = LaunchScreen;
				INFOPLIST_KEY_UIMainStoryboardFile = Main;
				INFOPLIST_KEY_UISupportedInterfaceOrientations_iPad = "UIInterfaceOrientationPortrait UIInterfaceOrientationPortraitUpsideDown UIInterfaceOrientationLandscapeLeft UIInterfaceOrientationLandscapeRight";
				INFOPLIST_KEY_UISupportedInterfaceOrientations_iPhone = "UIInterfaceOrientationPortrait UIInterfaceOrientationLandscapeLeft UIInterfaceOrientationLandscapeRight";
				LD_RUNPATH_SEARCH_PATHS = (
					"$(inherited)",
					"@executable_path/Frameworks",
				);
				MARKETING_VERSION = 1.0;
				PRODUCT_BUNDLE_IDENTIFIER = Harsha.ACNGoT;
				PRODUCT_NAME = "$(TARGET_NAME)";
				SWIFT_EMIT_LOC_STRINGS = YES;
				SWIFT_VERSION = 5.0;
				TARGETED_DEVICE_FAMILY = "1,2";
			};
			name = Debug;
		};
		3A8AC93428CDFE5E00AE536C /* Release */ = {
			isa = XCBuildConfiguration;
			buildSettings = {
				ASSETCATALOG_COMPILER_APPICON_NAME = AppIcon;
				ASSETCATALOG_COMPILER_GLOBAL_ACCENT_COLOR_NAME = AccentColor;
				CODE_SIGN_STYLE = Automatic;
				CURRENT_PROJECT_VERSION = 1;
				DEVELOPMENT_TEAM = K7629MSRK2;
				GENERATE_INFOPLIST_FILE = YES;
				INFOPLIST_FILE = ACNGoT/Info.plist;
				INFOPLIST_KEY_UIApplicationSupportsIndirectInputEvents = YES;
				INFOPLIST_KEY_UILaunchStoryboardName = LaunchScreen;
				INFOPLIST_KEY_UIMainStoryboardFile = Main;
				INFOPLIST_KEY_UISupportedInterfaceOrientations_iPad = "UIInterfaceOrientationPortrait UIInterfaceOrientationPortraitUpsideDown UIInterfaceOrientationLandscapeLeft UIInterfaceOrientationLandscapeRight";
				INFOPLIST_KEY_UISupportedInterfaceOrientations_iPhone = "UIInterfaceOrientationPortrait UIInterfaceOrientationLandscapeLeft UIInterfaceOrientationLandscapeRight";
				LD_RUNPATH_SEARCH_PATHS = (
					"$(inherited)",
					"@executable_path/Frameworks",
				);
				MARKETING_VERSION = 1.0;
				PRODUCT_BUNDLE_IDENTIFIER = Harsha.ACNGoT;
				PRODUCT_NAME = "$(TARGET_NAME)";
				SWIFT_EMIT_LOC_STRINGS = YES;
				SWIFT_VERSION = 5.0;
				TARGETED_DEVICE_FAMILY = "1,2";
			};
			name = Release;
		};
		3A8AC93628CDFE5E00AE536C /* Debug */ = {
			isa = XCBuildConfiguration;
			buildSettings = {
				ALWAYS_EMBED_SWIFT_STANDARD_LIBRARIES = YES;
				BUNDLE_LOADER = "$(TEST_HOST)";
				CODE_SIGN_STYLE = Automatic;
				CURRENT_PROJECT_VERSION = 1;
				DEVELOPMENT_TEAM = K7629MSRK2;
				GENERATE_INFOPLIST_FILE = YES;
				IPHONEOS_DEPLOYMENT_TARGET = 15.4;
				MARKETING_VERSION = 1.0;
				PRODUCT_BUNDLE_IDENTIFIER = Harsha.ACNGoTTests;
				PRODUCT_NAME = "$(TARGET_NAME)";
				SWIFT_EMIT_LOC_STRINGS = NO;
				SWIFT_VERSION = 5.0;
				TARGETED_DEVICE_FAMILY = "1,2";
				TEST_HOST = "$(BUILT_PRODUCTS_DIR)/ACNGoT.app/ACNGoT";
			};
			name = Debug;
		};
		3A8AC93728CDFE5E00AE536C /* Release */ = {
			isa = XCBuildConfiguration;
			buildSettings = {
				ALWAYS_EMBED_SWIFT_STANDARD_LIBRARIES = YES;
				BUNDLE_LOADER = "$(TEST_HOST)";
				CODE_SIGN_STYLE = Automatic;
				CURRENT_PROJECT_VERSION = 1;
				DEVELOPMENT_TEAM = K7629MSRK2;
				GENERATE_INFOPLIST_FILE = YES;
				IPHONEOS_DEPLOYMENT_TARGET = 15.4;
				MARKETING_VERSION = 1.0;
				PRODUCT_BUNDLE_IDENTIFIER = Harsha.ACNGoTTests;
				PRODUCT_NAME = "$(TARGET_NAME)";
				SWIFT_EMIT_LOC_STRINGS = NO;
				SWIFT_VERSION = 5.0;
				TARGETED_DEVICE_FAMILY = "1,2";
				TEST_HOST = "$(BUILT_PRODUCTS_DIR)/ACNGoT.app/ACNGoT";
			};
			name = Release;
		};
		3A8AC93928CDFE5E00AE536C /* Debug */ = {
			isa = XCBuildConfiguration;
			buildSettings = {
				ALWAYS_EMBED_SWIFT_STANDARD_LIBRARIES = YES;
				CODE_SIGN_STYLE = Automatic;
				CURRENT_PROJECT_VERSION = 1;
				DEVELOPMENT_TEAM = K7629MSRK2;
				GENERATE_INFOPLIST_FILE = YES;
				MARKETING_VERSION = 1.0;
				PRODUCT_BUNDLE_IDENTIFIER = Harsha.ACNGoTUITests;
				PRODUCT_NAME = "$(TARGET_NAME)";
				SWIFT_EMIT_LOC_STRINGS = NO;
				SWIFT_VERSION = 5.0;
				TARGETED_DEVICE_FAMILY = "1,2";
				TEST_TARGET_NAME = ACNGoT;
			};
			name = Debug;
		};
		3A8AC93A28CDFE5E00AE536C /* Release */ = {
			isa = XCBuildConfiguration;
			buildSettings = {
				ALWAYS_EMBED_SWIFT_STANDARD_LIBRARIES = YES;
				CODE_SIGN_STYLE = Automatic;
				CURRENT_PROJECT_VERSION = 1;
				DEVELOPMENT_TEAM = K7629MSRK2;
				GENERATE_INFOPLIST_FILE = YES;
				MARKETING_VERSION = 1.0;
				PRODUCT_BUNDLE_IDENTIFIER = Harsha.ACNGoTUITests;
				PRODUCT_NAME = "$(TARGET_NAME)";
				SWIFT_EMIT_LOC_STRINGS = NO;
				SWIFT_VERSION = 5.0;
				TARGETED_DEVICE_FAMILY = "1,2";
				TEST_TARGET_NAME = ACNGoT;
			};
			name = Release;
		};
/* End XCBuildConfiguration section */

/* Begin XCConfigurationList section */
		3A8AC90028CDFE5D00AE536C /* Build configuration list for PBXProject "ACNGoT" */ = {
			isa = XCConfigurationList;
			buildConfigurations = (
				3A8AC93028CDFE5E00AE536C /* Debug */,
				3A8AC93128CDFE5E00AE536C /* Release */,
			);
			defaultConfigurationIsVisible = 0;
			defaultConfigurationName = Release;
		};
		3A8AC93228CDFE5E00AE536C /* Build configuration list for PBXNativeTarget "ACNGoT" */ = {
			isa = XCConfigurationList;
			buildConfigurations = (
				3A8AC93328CDFE5E00AE536C /* Debug */,
				3A8AC93428CDFE5E00AE536C /* Release */,
			);
			defaultConfigurationIsVisible = 0;
			defaultConfigurationName = Release;
		};
		3A8AC93528CDFE5E00AE536C /* Build configuration list for PBXNativeTarget "ACNGoTTests" */ = {
			isa = XCConfigurationList;
			buildConfigurations = (
				3A8AC93628CDFE5E00AE536C /* Debug */,
				3A8AC93728CDFE5E00AE536C /* Release */,
			);
			defaultConfigurationIsVisible = 0;
			defaultConfigurationName = Release;
		};
		3A8AC93828CDFE5E00AE536C /* Build configuration list for PBXNativeTarget "ACNGoTUITests" */ = {
			isa = XCConfigurationList;
			buildConfigurations = (
				3A8AC93928CDFE5E00AE536C /* Debug */,
				3A8AC93A28CDFE5E00AE536C /* Release */,
			);
			defaultConfigurationIsVisible = 0;
			defaultConfigurationName = Release;
		};
/* End XCConfigurationList section */

/* Begin XCVersionGroup section */
		3A8AC91128CDFE5D00AE536C /* ACNGoT.xcdatamodeld */ = {
			isa = XCVersionGroup;
			children = (
				3A8AC91228CDFE5D00AE536C /* ACNGoT.xcdatamodel */,
			);
			currentVersion = 3A8AC91228CDFE5D00AE536C /* ACNGoT.xcdatamodel */;
			path = ACNGoT.xcdatamodeld;
			sourceTree = "<group>";
			versionGroupType = wrapper.xcdatamodel;
		};
/* End XCVersionGroup section */
	};
	rootObject = 3A8AC8FD28CDFE5D00AE536C /* Project object */;
}
