// !$*UTF8*$!
{
	archiveVersion = 1;
	classes = {
	};
	objectVersion = 55;
	objects = {

/* Begin PBXBuildFile section */
		254CA39AF0BC57E770E287C7 /* Pods_ACNGoTTests.framework in Frameworks */ = {isa = PBXBuildFile; fileRef = B74715C180316748995A6FF6 /* Pods_ACNGoTTests.framework */; };
		3A8AC90928CDFE5D00AE536C /* AppDelegate.swift in Sources */ = {isa = PBXBuildFile; fileRef = 3A8AC90828CDFE5D00AE536C /* AppDelegate.swift */; };
		3A8AC90B28CDFE5D00AE536C /* SceneDelegate.swift in Sources */ = {isa = PBXBuildFile; fileRef = 3A8AC90A28CDFE5D00AE536C /* SceneDelegate.swift */; };
		3A8AC91028CDFE5D00AE536C /* Main.storyboard in Resources */ = {isa = PBXBuildFile; fileRef = 3A8AC90E28CDFE5D00AE536C /* Main.storyboard */; };
		3A8AC91528CDFE5E00AE536C /* Assets.xcassets in Resources */ = {isa = PBXBuildFile; fileRef = 3A8AC91428CDFE5E00AE536C /* Assets.xcassets */; };
		3A8AC91828CDFE5E00AE536C /* LaunchScreen.storyboard in Resources */ = {isa = PBXBuildFile; fileRef = 3A8AC91628CDFE5E00AE536C /* LaunchScreen.storyboard */; };
		3A8AC92328CDFE5E00AE536C /* ACNGoTTests.swift in Sources */ = {isa = PBXBuildFile; fileRef = 3A8AC92228CDFE5E00AE536C /* ACNGoTTests.swift */; };
		3A8AC92D28CDFE5E00AE536C /* ACNGoTUITests.swift in Sources */ = {isa = PBXBuildFile; fileRef = 3A8AC92C28CDFE5E00AE536C /* ACNGoTUITests.swift */; };
		3A8AC92F28CDFE5E00AE536C /* ACNGoTUITestsLaunchTests.swift in Sources */ = {isa = PBXBuildFile; fileRef = 3A8AC92E28CDFE5E00AE536C /* ACNGoTUITestsLaunchTests.swift */; };
		3A8AC94428CE06D800AE536C /* InitalViewController.swift in Sources */ = {isa = PBXBuildFile; fileRef = 3A8AC94328CE06D800AE536C /* InitalViewController.swift */; };
		3A8AC94728CE0AFC00AE536C /* IntialScreenInteractor.swift in Sources */ = {isa = PBXBuildFile; fileRef = 3A8AC94628CE0AFC00AE536C /* IntialScreenInteractor.swift */; };
		3A8AC94928CE0D4500AE536C /* CategoryModels.swift in Sources */ = {isa = PBXBuildFile; fileRef = 3A8AC94828CE0D4500AE536C /* CategoryModels.swift */; };
		3A8AC94D28CE1FAC00AE536C /* IntialScreenPresenter.swift in Sources */ = {isa = PBXBuildFile; fileRef = 3A8AC94C28CE1FAC00AE536C /* IntialScreenPresenter.swift */; };
		3A8AC94F28CE258D00AE536C /* castle-dragon-palace.json in Resources */ = {isa = PBXBuildFile; fileRef = 3A8AC94E28CE258D00AE536C /* castle-dragon-palace.json */; };
		3A8AC95128CE325000AE536C /* DataWorker.swift in Sources */ = {isa = PBXBuildFile; fileRef = 3A8AC95028CE325000AE536C /* DataWorker.swift */; };
		3A8AC95328CE3C8800AE536C /* CategoriesAPI.swift in Sources */ = {isa = PBXBuildFile; fileRef = 3A8AC95228CE3C8800AE536C /* CategoriesAPI.swift */; };
		3A8AC95528CE408D00AE536C /* Category.swift in Sources */ = {isa = PBXBuildFile; fileRef = 3A8AC95428CE408D00AE536C /* Category.swift */; };
		3A8AC95828CE4C5A00AE536C /* Utils.swift in Sources */ = {isa = PBXBuildFile; fileRef = 3A8AC95728CE4C5A00AE536C /* Utils.swift */; };
		5E24B2C36F1F74F21F0B8706 /* Pods_ACNGoT.framework in Frameworks */ = {isa = PBXBuildFile; fileRef = CC5D298B76A8A2EB4FC2CF5A /* Pods_ACNGoT.framework */; };
		6B82F761C9DAC08BA65B3BD3 /* Pods_ACNGoT_ACNGoTUITests.framework in Frameworks */ = {isa = PBXBuildFile; fileRef = 517F28F8659008B8DA5DACA3 /* Pods_ACNGoT_ACNGoTUITests.framework */; };
/* End PBXBuildFile section */

/* Begin PBXContainerItemProxy section */
		3A8AC91F28CDFE5E00AE536C /* PBXContainerItemProxy */ = {
			isa = PBXContainerItemProxy;
			containerPortal = 3A8AC8FD28CDFE5D00AE536C /* Project object */;
			proxyType = 1;
			remoteGlobalIDString = 3A8AC90428CDFE5D00AE536C;
			remoteInfo = ACNGoT;
		};
		3A8AC92928CDFE5E00AE536C /* PBXContainerItemProxy */ = {
			isa = PBXContainerItemProxy;
			containerPortal = 3A8AC8FD28CDFE5D00AE536C /* Project object */;
			proxyType = 1;
			remoteGlobalIDString = 3A8AC90428CDFE5D00AE536C;
			remoteInfo = ACNGoT;
		};
/* End PBXContainerItemProxy section */

/* Begin PBXFileReference section */
		3A8AC90528CDFE5D00AE536C /* ACNGoT.app */ = {isa = PBXFileReference; explicitFileType = wrapper.application; includeInIndex = 0; path = ACNGoT.app; sourceTree = BUILT_PRODUCTS_DIR; };
		3A8AC90828CDFE5D00AE536C /* AppDelegate.swift */ = {isa = PBXFileReference; lastKnownFileType = sourcecode.swift; path = AppDelegate.swift; sourceTree = "<group>"; };
		3A8AC90A28CDFE5D00AE536C /* SceneDelegate.swift */ = {isa = PBXFileReference; lastKnownFileType = sourcecode.swift; path = SceneDelegate.swift; sourceTree = "<group>"; };
		3A8AC90F28CDFE5D00AE536C /* Base */ = {isa = PBXFileReference; lastKnownFileType = file.storyboard; name = Base; path = Base.lproj/Main.storyboard; sourceTree = "<group>"; };
		3A8AC91428CDFE5E00AE536C /* Assets.xcassets */ = {isa = PBXFileReference; lastKnownFileType = folder.assetcatalog; path = Assets.xcassets; sourceTree = "<group>"; };
		3A8AC91728CDFE5E00AE536C /* Base */ = {isa = PBXFileReference; lastKnownFileType = file.storyboard; name = Base; path = Base.lproj/LaunchScreen.storyboard; sourceTree = "<group>"; };
		3A8AC91928CDFE5E00AE536C /* Info.plist */ = {isa = PBXFileReference; lastKnownFileType = text.plist.xml; path = Info.plist; sourceTree = "<group>"; };
		3A8AC91E28CDFE5E00AE536C /* ACNGoTTests.xctest */ = {isa = PBXFileReference; explicitFileType = wrapper.cfbundle; includeInIndex = 0; path = ACNGoTTests.xctest; sourceTree = BUILT_PRODUCTS_DIR; };
		3A8AC92228CDFE5E00AE536C /* ACNGoTTests.swift */ = {isa = PBXFileReference; lastKnownFileType = sourcecode.swift; path = ACNGoTTests.swift; sourceTree = "<group>"; };
		3A8AC92828CDFE5E00AE536C /* ACNGoTUITests.xctest */ = {isa = PBXFileReference; explicitFileType = wrapper.cfbundle; includeInIndex = 0; path = ACNGoTUITests.xctest; sourceTree = BUILT_PRODUCTS_DIR; };
		3A8AC92C28CDFE5E00AE536C /* ACNGoTUITests.swift */ = {isa = PBXFileReference; lastKnownFileType = sourcecode.swift; path = ACNGoTUITests.swift; sourceTree = "<group>"; };
		3A8AC92E28CDFE5E00AE536C /* ACNGoTUITestsLaunchTests.swift */ = {isa = PBXFileReference; lastKnownFileType = sourcecode.swift; path = ACNGoTUITestsLaunchTests.swift; sourceTree = "<group>"; };
		3A8AC94328CE06D800AE536C /* InitalViewController.swift */ = {isa = PBXFileReference; lastKnownFileType = sourcecode.swift; path = InitalViewController.swift; sourceTree = "<group>"; };
		3A8AC94628CE0AFC00AE536C /* IntialScreenInteractor.swift */ = {isa = PBXFileReference; lastKnownFileType = sourcecode.swift; path = IntialScreenInteractor.swift; sourceTree = "<group>"; };
		3A8AC94828CE0D4500AE536C /* CategoryModels.swift */ = {isa = PBXFileReference; lastKnownFileType = sourcecode.swift; path = CategoryModels.swift; sourceTree = "<group>"; };
		3A8AC94C28CE1FAC00AE536C /* IntialScreenPresenter.swift */ = {isa = PBXFileReference; lastKnownFileType = sourcecode.swift; path = IntialScreenPresenter.swift; sourceTree = "<group>"; };
		3A8AC94E28CE258D00AE536C /* castle-dragon-palace.json */ = {isa = PBXFileReference; fileEncoding = 4; lastKnownFileType = text.json; path = "castle-dragon-palace.json"; sourceTree = "<group>"; };
		3A8AC95028CE325000AE536C /* DataWorker.swift */ = {isa = PBXFileReference; lastKnownFileType = sourcecode.swift; path = DataWorker.swift; sourceTree = "<group>"; };
		3A8AC95228CE3C8800AE536C /* CategoriesAPI.swift */ = {isa = PBXFileReference; lastKnownFileType = sourcecode.swift; path = CategoriesAPI.swift; sourceTree = "<group>"; };
		3A8AC95428CE408D00AE536C /* Category.swift */ = {isa = PBXFileReference; lastKnownFileType = sourcecode.swift; path = Category.swift; sourceTree = "<group>"; };
		3A8AC95728CE4C5A00AE536C /* Utils.swift */ = {isa = PBXFileReference; lastKnownFileType = sourcecode.swift; path = Utils.swift; sourceTree = "<group>"; };
		517F28F8659008B8DA5DACA3 /* Pods_ACNGoT_ACNGoTUITests.framework */ = {isa = PBXFileReference; explicitFileType = wrapper.framework; includeInIndex = 0; path = Pods_ACNGoT_ACNGoTUITests.framework; sourceTree = BUILT_PRODUCTS_DIR; };
		59DA46296CB466B31AE98BCD /* Pods-ACNGoT-ACNGoTUITests.release.xcconfig */ = {isa = PBXFileReference; includeInIndex = 1; lastKnownFileType = text.xcconfig; name = "Pods-ACNGoT-ACNGoTUITests.release.xcconfig"; path = "Target Support Files/Pods-ACNGoT-ACNGoTUITests/Pods-ACNGoT-ACNGoTUITests.release.xcconfig"; sourceTree = "<group>"; };
		6561DC32E15672D205F0DB52 /* Pods-ACNGoTTests.release.xcconfig */ = {isa = PBXFileReference; includeInIndex = 1; lastKnownFileType = text.xcconfig; name = "Pods-ACNGoTTests.release.xcconfig"; path = "Target Support Files/Pods-ACNGoTTests/Pods-ACNGoTTests.release.xcconfig"; sourceTree = "<group>"; };
		A2A094628BC09F26745D7AC2 /* Pods-ACNGoT.release.xcconfig */ = {isa = PBXFileReference; includeInIndex = 1; lastKnownFileType = text.xcconfig; name = "Pods-ACNGoT.release.xcconfig"; path = "Target Support Files/Pods-ACNGoT/Pods-ACNGoT.release.xcconfig"; sourceTree = "<group>"; };
		B74715C180316748995A6FF6 /* Pods_ACNGoTTests.framework */ = {isa = PBXFileReference; explicitFileType = wrapper.framework; includeInIndex = 0; path = Pods_ACNGoTTests.framework; sourceTree = BUILT_PRODUCTS_DIR; };
		C4B76ED039CE091CC9EA3A3E /* Pods-ACNGoT.debug.xcconfig */ = {isa = PBXFileReference; includeInIndex = 1; lastKnownFileType = text.xcconfig; name = "Pods-ACNGoT.debug.xcconfig"; path = "Target Support Files/Pods-ACNGoT/Pods-ACNGoT.debug.xcconfig"; sourceTree = "<group>"; };
		CC5D298B76A8A2EB4FC2CF5A /* Pods_ACNGoT.framework */ = {isa = PBXFileReference; explicitFileType = wrapper.framework; includeInIndex = 0; path = Pods_ACNGoT.framework; sourceTree = BUILT_PRODUCTS_DIR; };
		DE67FDB908C0F5A2A2245FDB /* Pods-ACNGoT-ACNGoTUITests.debug.xcconfig */ = {isa = PBXFileReference; includeInIndex = 1; lastKnownFileType = text.xcconfig; name = "Pods-ACNGoT-ACNGoTUITests.debug.xcconfig"; path = "Target Support Files/Pods-ACNGoT-ACNGoTUITests/Pods-ACNGoT-ACNGoTUITests.debug.xcconfig"; sourceTree = "<group>"; };
		F700E9533C9DFEA2E42BF318 /* Pods-ACNGoTTests.debug.xcconfig */ = {isa = PBXFileReference; includeInIndex = 1; lastKnownFileType = text.xcconfig; name = "Pods-ACNGoTTests.debug.xcconfig"; path = "Target Support Files/Pods-ACNGoTTests/Pods-ACNGoTTests.debug.xcconfig"; sourceTree = "<group>"; };
/* End PBXFileReference section */

/* Begin PBXFrameworksBuildPhase section */
		3A8AC90228CDFE5D00AE536C /* Frameworks */ = {
			isa = PBXFrameworksBuildPhase;
			buildActionMask = 2147483647;
			files = (
				5E24B2C36F1F74F21F0B8706 /* Pods_ACNGoT.framework in Frameworks */,
			);
			runOnlyForDeploymentPostprocessing = 0;
		};
		3A8AC91B28CDFE5E00AE536C /* Frameworks */ = {
			isa = PBXFrameworksBuildPhase;
			buildActionMask = 2147483647;
			files = (
				254CA39AF0BC57E770E287C7 /* Pods_ACNGoTTests.framework in Frameworks */,
			);
			runOnlyForDeploymentPostprocessing = 0;
		};
		3A8AC92528CDFE5E00AE536C /* Frameworks */ = {
			isa = PBXFrameworksBuildPhase;
			buildActionMask = 2147483647;
			files = (
				6B82F761C9DAC08BA65B3BD3 /* Pods_ACNGoT_ACNGoTUITests.framework in Frameworks */,
			);
			runOnlyForDeploymentPostprocessing = 0;
		};
/* End PBXFrameworksBuildPhase section */

/* Begin PBXGroup section */
		02800320879B7E475E335128 /* Frameworks */ = {
			isa = PBXGroup;
			children = (
				CC5D298B76A8A2EB4FC2CF5A /* Pods_ACNGoT.framework */,
				517F28F8659008B8DA5DACA3 /* Pods_ACNGoT_ACNGoTUITests.framework */,
				B74715C180316748995A6FF6 /* Pods_ACNGoTTests.framework */,
			);
			name = Frameworks;
			sourceTree = "<group>";
		};
		3A8AC8FC28CDFE5D00AE536C = {
			isa = PBXGroup;
			children = (
				3A8AC90728CDFE5D00AE536C /* ACNGoT */,
				3A8AC92128CDFE5E00AE536C /* ACNGoTTests */,
				3A8AC92B28CDFE5E00AE536C /* ACNGoTUITests */,
				3A8AC90628CDFE5D00AE536C /* Products */,
				F6A4A2F5BE59FC370F9ED75C /* Pods */,
				02800320879B7E475E335128 /* Frameworks */,
			);
			sourceTree = "<group>";
		};
		3A8AC90628CDFE5D00AE536C /* Products */ = {
			isa = PBXGroup;
			children = (
				3A8AC90528CDFE5D00AE536C /* ACNGoT.app */,
				3A8AC91E28CDFE5E00AE536C /* ACNGoTTests.xctest */,
				3A8AC92828CDFE5E00AE536C /* ACNGoTUITests.xctest */,
			);
			name = Products;
			sourceTree = "<group>";
		};
		3A8AC90728CDFE5D00AE536C /* ACNGoT */ = {
			isa = PBXGroup;
			children = (
				3A8AC93B28CDFF6100AE536C /* Models */,
				3A8AC93E28CDFF8B00AE536C /* Services */,
				3A8AC93D28CDFF7E00AE536C /* Workers */,
				3A8AC93C28CDFF6D00AE536C /* Scenes */,
				3A8AC95628CE4C4B00AE536C /* Utils */,
				3A8AC90828CDFE5D00AE536C /* AppDelegate.swift */,
				3A8AC90A28CDFE5D00AE536C /* SceneDelegate.swift */,
				3A8AC90E28CDFE5D00AE536C /* Main.storyboard */,
				3A8AC91428CDFE5E00AE536C /* Assets.xcassets */,
				3A8AC91628CDFE5E00AE536C /* LaunchScreen.storyboard */,
				3A8AC94E28CE258D00AE536C /* castle-dragon-palace.json */,
				3A8AC91928CDFE5E00AE536C /* Info.plist */,
			);
			path = ACNGoT;
			sourceTree = "<group>";
		};
		3A8AC92128CDFE5E00AE536C /* ACNGoTTests */ = {
			isa = PBXGroup;
			children = (
				3A8AC92228CDFE5E00AE536C /* ACNGoTTests.swift */,
			);
			path = ACNGoTTests;
			sourceTree = "<group>";
		};
		3A8AC92B28CDFE5E00AE536C /* ACNGoTUITests */ = {
			isa = PBXGroup;
			children = (
				3A8AC92C28CDFE5E00AE536C /* ACNGoTUITests.swift */,
				3A8AC92E28CDFE5E00AE536C /* ACNGoTUITestsLaunchTests.swift */,
			);
			path = ACNGoTUITests;
			sourceTree = "<group>";
		};
		3A8AC93B28CDFF6100AE536C /* Models */ = {
			isa = PBXGroup;
			children = (
				3A8AC95428CE408D00AE536C /* Category.swift */,
			);
			path = Models;
			sourceTree = "<group>";
		};
		3A8AC93C28CDFF6D00AE536C /* Scenes */ = {
			isa = PBXGroup;
			children = (
				3A8AC94528CE0ADD00AE536C /* InitialScreen */,
			);
			path = Scenes;
			sourceTree = "<group>";
		};
		3A8AC93D28CDFF7E00AE536C /* Workers */ = {
			isa = PBXGroup;
			children = (
				3A8AC95028CE325000AE536C /* DataWorker.swift */,
			);
			path = Workers;
			sourceTree = "<group>";
		};
		3A8AC93E28CDFF8B00AE536C /* Services */ = {
			isa = PBXGroup;
			children = (
				3A8AC95228CE3C8800AE536C /* CategoriesAPI.swift */,
			);
			path = Services;
			sourceTree = "<group>";
		};
		3A8AC94528CE0ADD00AE536C /* InitialScreen */ = {
			isa = PBXGroup;
			children = (
				3A8AC94328CE06D800AE536C /* InitalViewController.swift */,
				3A8AC94628CE0AFC00AE536C /* IntialScreenInteractor.swift */,
				3A8AC94828CE0D4500AE536C /* CategoryModels.swift */,
				3A8AC94C28CE1FAC00AE536C /* IntialScreenPresenter.swift */,
			);
			path = InitialScreen;
			sourceTree = "<group>";
		};
		3A8AC95628CE4C4B00AE536C /* Utils */ = {
			isa = PBXGroup;
			children = (
				3A8AC95728CE4C5A00AE536C /* Utils.swift */,
			);
			path = Utils;
			sourceTree = "<group>";
		};
		F6A4A2F5BE59FC370F9ED75C /* Pods */ = {
			isa = PBXGroup;
			children = (
				C4B76ED039CE091CC9EA3A3E /* Pods-ACNGoT.debug.xcconfig */,
				A2A094628BC09F26745D7AC2 /* Pods-ACNGoT.release.xcconfig */,
				DE67FDB908C0F5A2A2245FDB /* Pods-ACNGoT-ACNGoTUITests.debug.xcconfig */,
				59DA46296CB466B31AE98BCD /* Pods-ACNGoT-ACNGoTUITests.release.xcconfig */,
				F700E9533C9DFEA2E42BF318 /* Pods-ACNGoTTests.debug.xcconfig */,
				6561DC32E15672D205F0DB52 /* Pods-ACNGoTTests.release.xcconfig */,
			);
			path = Pods;
			sourceTree = "<group>";
		};
/* End PBXGroup section */

/* Begin PBXNativeTarget section */
		3A8AC90428CDFE5D00AE536C /* ACNGoT */ = {
			isa = PBXNativeTarget;
			buildConfigurationList = 3A8AC93228CDFE5E00AE536C /* Build configuration list for PBXNativeTarget "ACNGoT" */;
			buildPhases = (
				1ED18680018EC1AC5D6FA343 /* [CP] Check Pods Manifest.lock */,
				3A8AC90128CDFE5D00AE536C /* Sources */,
				3A8AC90228CDFE5D00AE536C /* Frameworks */,
				3A8AC90328CDFE5D00AE536C /* Resources */,
				2AE8C7C96C7F4B30D2B58B78 /* [CP] Embed Pods Frameworks */,
			);
			buildRules = (
			);
			dependencies = (
			);
			name = ACNGoT;
			productName = ACNGoT;
			productReference = 3A8AC90528CDFE5D00AE536C /* ACNGoT.app */;
			productType = "com.apple.product-type.application";
		};
		3A8AC91D28CDFE5E00AE536C /* ACNGoTTests */ = {
			isa = PBXNativeTarget;
			buildConfigurationList = 3A8AC93528CDFE5E00AE536C /* Build configuration list for PBXNativeTarget "ACNGoTTests" */;
			buildPhases = (
				BB68CBD4EDD05685636DF8C6 /* [CP] Check Pods Manifest.lock */,
				3A8AC91A28CDFE5E00AE536C /* Sources */,
				3A8AC91B28CDFE5E00AE536C /* Frameworks */,
				3A8AC91C28CDFE5E00AE536C /* Resources */,
			);
			buildRules = (
			);
			dependencies = (
				3A8AC92028CDFE5E00AE536C /* PBXTargetDependency */,
			);
			name = ACNGoTTests;
			productName = ACNGoTTests;
			productReference = 3A8AC91E28CDFE5E00AE536C /* ACNGoTTests.xctest */;
			productType = "com.apple.product-type.bundle.unit-test";
		};
		3A8AC92728CDFE5E00AE536C /* ACNGoTUITests */ = {
			isa = PBXNativeTarget;
			buildConfigurationList = 3A8AC93828CDFE5E00AE536C /* Build configuration list for PBXNativeTarget "ACNGoTUITests" */;
			buildPhases = (
				D31B9B2A0E3E58CF0F382543 /* [CP] Check Pods Manifest.lock */,
				3A8AC92428CDFE5E00AE536C /* Sources */,
				3A8AC92528CDFE5E00AE536C /* Frameworks */,
				3A8AC92628CDFE5E00AE536C /* Resources */,
				F27CB745D93769084C13A46E /* [CP] Embed Pods Frameworks */,
			);
			buildRules = (
			);
			dependencies = (
				3A8AC92A28CDFE5E00AE536C /* PBXTargetDependency */,
			);
			name = ACNGoTUITests;
			productName = ACNGoTUITests;
			productReference = 3A8AC92828CDFE5E00AE536C /* ACNGoTUITests.xctest */;
			productType = "com.apple.product-type.bundle.ui-testing";
		};
/* End PBXNativeTarget section */

/* Begin PBXProject section */
		3A8AC8FD28CDFE5D00AE536C /* Project object */ = {
			isa = PBXProject;
			attributes = {
				BuildIndependentTargetsInParallel = 1;
				LastSwiftUpdateCheck = 1330;
				LastUpgradeCheck = 1330;
				TargetAttributes = {
					3A8AC90428CDFE5D00AE536C = {
						CreatedOnToolsVersion = 13.3;
					};
					3A8AC91D28CDFE5E00AE536C = {
						CreatedOnToolsVersion = 13.3;
						TestTargetID = 3A8AC90428CDFE5D00AE536C;
					};
					3A8AC92728CDFE5E00AE536C = {
						CreatedOnToolsVersion = 13.3;
						TestTargetID = 3A8AC90428CDFE5D00AE536C;
					};
				};
			};
			buildConfigurationList = 3A8AC90028CDFE5D00AE536C /* Build configuration list for PBXProject "ACNGoT" */;
			compatibilityVersion = "Xcode 13.0";
			developmentRegion = en;
			hasScannedForEncodings = 0;
			knownRegions = (
				en,
				Base,
			);
			mainGroup = 3A8AC8FC28CDFE5D00AE536C;
			productRefGroup = 3A8AC90628CDFE5D00AE536C /* Products */;
			projectDirPath = "";
			projectRoot = "";
			targets = (
				3A8AC90428CDFE5D00AE536C /* ACNGoT */,
				3A8AC91D28CDFE5E00AE536C /* ACNGoTTests */,
				3A8AC92728CDFE5E00AE536C /* ACNGoTUITests */,
			);
		};
/* End PBXProject section */

/* Begin PBXResourcesBuildPhase section */
		3A8AC90328CDFE5D00AE536C /* Resources */ = {
			isa = PBXResourcesBuildPhase;
			buildActionMask = 2147483647;
			files = (
				3A8AC94F28CE258D00AE536C /* castle-dragon-palace.json in Resources */,
				3A8AC91828CDFE5E00AE536C /* LaunchScreen.storyboard in Resources */,
				3A8AC91528CDFE5E00AE536C /* Assets.xcassets in Resources */,
				3A8AC91028CDFE5D00AE536C /* Main.storyboard in Resources */,
			);
			runOnlyForDeploymentPostprocessing = 0;
		};
		3A8AC91C28CDFE5E00AE536C /* Resources */ = {
			isa = PBXResourcesBuildPhase;
			buildActionMask = 2147483647;
			files = (
			);
			runOnlyForDeploymentPostprocessing = 0;
		};
		3A8AC92628CDFE5E00AE536C /* Resources */ = {
			isa = PBXResourcesBuildPhase;
			buildActionMask = 2147483647;
			files = (
			);
			runOnlyForDeploymentPostprocessing = 0;
		};
/* End PBXResourcesBuildPhase section */

/* Begin PBXShellScriptBuildPhase section */
		1ED18680018EC1AC5D6FA343 /* [CP] Check Pods Manifest.lock */ = {
			isa = PBXShellScriptBuildPhase;
			buildActionMask = 2147483647;
			files = (
			);
			inputFileListPaths = (
			);
			inputPaths = (
				"${PODS_PODFILE_DIR_PATH}/Podfile.lock",
				"${PODS_ROOT}/Manifest.lock",
			);
			name = "[CP] Check Pods Manifest.lock";
			outputFileListPaths = (
			);
			outputPaths = (
				"$(DERIVED_FILE_DIR)/Pods-ACNGoT-checkManifestLockResult.txt",
			);
			runOnlyForDeploymentPostprocessing = 0;
			shellPath = /bin/sh;
			shellScript = "diff \"${PODS_PODFILE_DIR_PATH}/Podfile.lock\" \"${PODS_ROOT}/Manifest.lock\" > /dev/null\nif [ $? != 0 ] ; then\n    # print error to STDERR\n    echo \"error: The sandbox is not in sync with the Podfile.lock. Run 'pod install' or update your CocoaPods installation.\" >&2\n    exit 1\nfi\n# This output is used by Xcode 'outputs' to avoid re-running this script phase.\necho \"SUCCESS\" > \"${SCRIPT_OUTPUT_FILE_0}\"\n";
			showEnvVarsInLog = 0;
		};
		2AE8C7C96C7F4B30D2B58B78 /* [CP] Embed Pods Frameworks */ = {
			isa = PBXShellScriptBuildPhase;
			buildActionMask = 2147483647;
			files = (
			);
			inputFileListPaths = (
				"${PODS_ROOT}/Target Support Files/Pods-ACNGoT/Pods-ACNGoT-frameworks-${CONFIGURATION}-input-files.xcfilelist",
			);
			name = "[CP] Embed Pods Frameworks";
			outputFileListPaths = (
				"${PODS_ROOT}/Target Support Files/Pods-ACNGoT/Pods-ACNGoT-frameworks-${CONFIGURATION}-output-files.xcfilelist",
			);
			runOnlyForDeploymentPostprocessing = 0;
			shellPath = /bin/sh;
			shellScript = "\"${PODS_ROOT}/Target Support Files/Pods-ACNGoT/Pods-ACNGoT-frameworks.sh\"\n";
			showEnvVarsInLog = 0;
		};
		BB68CBD4EDD05685636DF8C6 /* [CP] Check Pods Manifest.lock */ = {
			isa = PBXShellScriptBuildPhase;
			buildActionMask = 2147483647;
			files = (
			);
			inputFileListPaths = (
			);
			inputPaths = (
				"${PODS_PODFILE_DIR_PATH}/Podfile.lock",
				"${PODS_ROOT}/Manifest.lock",
			);
			name = "[CP] Check Pods Manifest.lock";
			outputFileListPaths = (
			);
			outputPaths = (
				"$(DERIVED_FILE_DIR)/Pods-ACNGoTTests-checkManifestLockResult.txt",
			);
			runOnlyForDeploymentPostprocessing = 0;
			shellPath = /bin/sh;
			shellScript = "diff \"${PODS_PODFILE_DIR_PATH}/Podfile.lock\" \"${PODS_ROOT}/Manifest.lock\" > /dev/null\nif [ $? != 0 ] ; then\n    # print error to STDERR\n    echo \"error: The sandbox is not in sync with the Podfile.lock. Run 'pod install' or update your CocoaPods installation.\" >&2\n    exit 1\nfi\n# This output is used by Xcode 'outputs' to avoid re-running this script phase.\necho \"SUCCESS\" > \"${SCRIPT_OUTPUT_FILE_0}\"\n";
			showEnvVarsInLog = 0;
		};
		D31B9B2A0E3E58CF0F382543 /* [CP] Check Pods Manifest.lock */ = {
			isa = PBXShellScriptBuildPhase;
			buildActionMask = 2147483647;
			files = (
			);
			inputFileListPaths = (
			);
			inputPaths = (
				"${PODS_PODFILE_DIR_PATH}/Podfile.lock",
				"${PODS_ROOT}/Manifest.lock",
			);
			name = "[CP] Check Pods Manifest.lock";
			outputFileListPaths = (
			);
			outputPaths = (
				"$(DERIVED_FILE_DIR)/Pods-ACNGoT-ACNGoTUITests-checkManifestLockResult.txt",
			);
			runOnlyForDeploymentPostprocessing = 0;
			shellPath = /bin/sh;
			shellScript = "diff \"${PODS_PODFILE_DIR_PATH}/Podfile.lock\" \"${PODS_ROOT}/Manifest.lock\" > /dev/null\nif [ $? != 0 ] ; then\n    # print error to STDERR\n    echo \"error: The sandbox is not in sync with the Podfile.lock. Run 'pod install' or update your CocoaPods installation.\" >&2\n    exit 1\nfi\n# This output is used by Xcode 'outputs' to avoid re-running this script phase.\necho \"SUCCESS\" > \"${SCRIPT_OUTPUT_FILE_0}\"\n";
			showEnvVarsInLog = 0;
		};
		F27CB745D93769084C13A46E /* [CP] Embed Pods Frameworks */ = {
			isa = PBXShellScriptBuildPhase;
			buildActionMask = 2147483647;
			files = (
			);
			inputFileListPaths = (
				"${PODS_ROOT}/Target Support Files/Pods-ACNGoT-ACNGoTUITests/Pods-ACNGoT-ACNGoTUITests-frameworks-${CONFIGURATION}-input-files.xcfilelist",
			);
			name = "[CP] Embed Pods Frameworks";
			outputFileListPaths = (
				"${PODS_ROOT}/Target Support Files/Pods-ACNGoT-ACNGoTUITests/Pods-ACNGoT-ACNGoTUITests-frameworks-${CONFIGURATION}-output-files.xcfilelist",
			);
			runOnlyForDeploymentPostprocessing = 0;
			shellPath = /bin/sh;
			shellScript = "\"${PODS_ROOT}/Target Support Files/Pods-ACNGoT-ACNGoTUITests/Pods-ACNGoT-ACNGoTUITests-frameworks.sh\"\n";
			showEnvVarsInLog = 0;
		};
/* End PBXShellScriptBuildPhase section */

/* Begin PBXSourcesBuildPhase section */
		3A8AC90128CDFE5D00AE536C /* Sources */ = {
			isa = PBXSourcesBuildPhase;
			buildActionMask = 2147483647;
			files = (
				3A8AC94728CE0AFC00AE536C /* IntialScreenInteractor.swift in Sources */,
				3A8AC95528CE408D00AE536C /* Category.swift in Sources */,
				3A8AC90928CDFE5D00AE536C /* AppDelegate.swift in Sources */,
				3A8AC95128CE325000AE536C /* DataWorker.swift in Sources */,
				3A8AC90B28CDFE5D00AE536C /* SceneDelegate.swift in Sources */,
				3A8AC94928CE0D4500AE536C /* CategoryModels.swift in Sources */,
				3A8AC94428CE06D800AE536C /* InitalViewController.swift in Sources */,
				3A8AC95828CE4C5A00AE536C /* Utils.swift in Sources */,
				3A8AC94D28CE1FAC00AE536C /* IntialScreenPresenter.swift in Sources */,
				3A8AC95328CE3C8800AE536C /* CategoriesAPI.swift in Sources */,
			);
			runOnlyForDeploymentPostprocessing = 0;
		};
		3A8AC91A28CDFE5E00AE536C /* Sources */ = {
			isa = PBXSourcesBuildPhase;
			buildActionMask = 2147483647;
			files = (
				3A8AC92328CDFE5E00AE536C /* ACNGoTTests.swift in Sources */,
			);
			runOnlyForDeploymentPostprocessing = 0;
		};
		3A8AC92428CDFE5E00AE536C /* Sources */ = {
			isa = PBXSourcesBuildPhase;
			buildActionMask = 2147483647;
			files = (
				3A8AC92F28CDFE5E00AE536C /* ACNGoTUITestsLaunchTests.swift in Sources */,
				3A8AC92D28CDFE5E00AE536C /* ACNGoTUITests.swift in Sources */,
			);
			runOnlyForDeploymentPostprocessing = 0;
		};
/* End PBXSourcesBuildPhase section */

/* Begin PBXTargetDependency section */
		3A8AC92028CDFE5E00AE536C /* PBXTargetDependency */ = {
			isa = PBXTargetDependency;
			target = 3A8AC90428CDFE5D00AE536C /* ACNGoT */;
			targetProxy = 3A8AC91F28CDFE5E00AE536C /* PBXContainerItemProxy */;
		};
		3A8AC92A28CDFE5E00AE536C /* PBXTargetDependency */ = {
			isa = PBXTargetDependency;
			target = 3A8AC90428CDFE5D00AE536C /* ACNGoT */;
			targetProxy = 3A8AC92928CDFE5E00AE536C /* PBXContainerItemProxy */;
		};
/* End PBXTargetDependency section */

/* Begin PBXVariantGroup section */
		3A8AC90E28CDFE5D00AE536C /* Main.storyboard */ = {
			isa = PBXVariantGroup;
			children = (
				3A8AC90F28CDFE5D00AE536C /* Base */,
			);
			name = Main.storyboard;
			sourceTree = "<group>";
		};
		3A8AC91628CDFE5E00AE536C /* LaunchScreen.storyboard */ = {
			isa = PBXVariantGroup;
			children = (
				3A8AC91728CDFE5E00AE536C /* Base */,
			);
			name = LaunchScreen.storyboard;
			sourceTree = "<group>";
		};
/* End PBXVariantGroup section */

/* Begin XCBuildConfiguration section */
		3A8AC93028CDFE5E00AE536C /* Debug */ = {
			isa = XCBuildConfiguration;
			buildSettings = {
				ALWAYS_SEARCH_USER_PATHS = NO;
				CLANG_ANALYZER_NONNULL = YES;
				CLANG_ANALYZER_NUMBER_OBJECT_CONVERSION = YES_AGGRESSIVE;
				CLANG_CXX_LANGUAGE_STANDARD = "gnu++17";
				CLANG_ENABLE_MODULES = YES;
				CLANG_ENABLE_OBJC_ARC = YES;
				CLANG_ENABLE_OBJC_WEAK = YES;
				CLANG_WARN_BLOCK_CAPTURE_AUTORELEASING = YES;
				CLANG_WARN_BOOL_CONVERSION = YES;
				CLANG_WARN_COMMA = YES;
				CLANG_WARN_CONSTANT_CONVERSION = YES;
				CLANG_WARN_DEPRECATED_OBJC_IMPLEMENTATIONS = YES;
				CLANG_WARN_DIRECT_OBJC_ISA_USAGE = YES_ERROR;
				CLANG_WARN_DOCUMENTATION_COMMENTS = YES;
				CLANG_WARN_EMPTY_BODY = YES;
				CLANG_WARN_ENUM_CONVERSION = YES;
				CLANG_WARN_INFINITE_RECURSION = YES;
				CLANG_WARN_INT_CONVERSION = YES;
				CLANG_WARN_NON_LITERAL_NULL_CONVERSION = YES;
				CLANG_WARN_OBJC_IMPLICIT_RETAIN_SELF = YES;
				CLANG_WARN_OBJC_LITERAL_CONVERSION = YES;
				CLANG_WARN_OBJC_ROOT_CLASS = YES_ERROR;
				CLANG_WARN_QUOTED_INCLUDE_IN_FRAMEWORK_HEADER = YES;
				CLANG_WARN_RANGE_LOOP_ANALYSIS = YES;
				CLANG_WARN_STRICT_PROTOTYPES = YES;
				CLANG_WARN_SUSPICIOUS_MOVE = YES;
				CLANG_WARN_UNGUARDED_AVAILABILITY = YES_AGGRESSIVE;
				CLANG_WARN_UNREACHABLE_CODE = YES;
				CLANG_WARN__DUPLICATE_METHOD_MATCH = YES;
				COPY_PHASE_STRIP = NO;
				DEBUG_INFORMATION_FORMAT = dwarf;
				ENABLE_STRICT_OBJC_MSGSEND = YES;
				ENABLE_TESTABILITY = YES;
				GCC_C_LANGUAGE_STANDARD = gnu11;
				GCC_DYNAMIC_NO_PIC = NO;
				GCC_NO_COMMON_BLOCKS = YES;
				GCC_OPTIMIZATION_LEVEL = 0;
				GCC_PREPROCESSOR_DEFINITIONS = (
					"DEBUG=1",
					"$(inherited)",
				);
				GCC_WARN_64_TO_32_BIT_CONVERSION = YES;
				GCC_WARN_ABOUT_RETURN_TYPE = YES_ERROR;
				GCC_WARN_UNDECLARED_SELECTOR = YES;
				GCC_WARN_UNINITIALIZED_AUTOS = YES_AGGRESSIVE;
				GCC_WARN_UNUSED_FUNCTION = YES;
				GCC_WARN_UNUSED_VARIABLE = YES;
				IPHONEOS_DEPLOYMENT_TARGET = 15.4;
				MTL_ENABLE_DEBUG_INFO = INCLUDE_SOURCE;
				MTL_FAST_MATH = YES;
				ONLY_ACTIVE_ARCH = YES;
				SDKROOT = iphoneos;
				SWIFT_ACTIVE_COMPILATION_CONDITIONS = DEBUG;
				SWIFT_OPTIMIZATION_LEVEL = "-Onone";
			};
			name = Debug;
		};
		3A8AC93128CDFE5E00AE536C /* Release */ = {
			isa = XCBuildConfiguration;
			buildSettings = {
				ALWAYS_SEARCH_USER_PATHS = NO;
				CLANG_ANALYZER_NONNULL = YES;
				CLANG_ANALYZER_NUMBER_OBJECT_CONVERSION = YES_AGGRESSIVE;
				CLANG_CXX_LANGUAGE_STANDARD = "gnu++17";
				CLANG_ENABLE_MODULES = YES;
				CLANG_ENABLE_OBJC_ARC = YES;
				CLANG_ENABLE_OBJC_WEAK = YES;
				CLANG_WARN_BLOCK_CAPTURE_AUTORELEASING = YES;
				CLANG_WARN_BOOL_CONVERSION = YES;
				CLANG_WARN_COMMA = YES;
				CLANG_WARN_CONSTANT_CONVERSION = YES;
				CLANG_WARN_DEPRECATED_OBJC_IMPLEMENTATIONS = YES;
				CLANG_WARN_DIRECT_OBJC_ISA_USAGE = YES_ERROR;
				CLANG_WARN_DOCUMENTATION_COMMENTS = YES;
				CLANG_WARN_EMPTY_BODY = YES;
				CLANG_WARN_ENUM_CONVERSION = YES;
				CLANG_WARN_INFINITE_RECURSION = YES;
				CLANG_WARN_INT_CONVERSION = YES;
				CLANG_WARN_NON_LITERAL_NULL_CONVERSION = YES;
				CLANG_WARN_OBJC_IMPLICIT_RETAIN_SELF = YES;
				CLANG_WARN_OBJC_LITERAL_CONVERSION = YES;
				CLANG_WARN_OBJC_ROOT_CLASS = YES_ERROR;
				CLANG_WARN_QUOTED_INCLUDE_IN_FRAMEWORK_HEADER = YES;
				CLANG_WARN_RANGE_LOOP_ANALYSIS = YES;
				CLANG_WARN_STRICT_PROTOTYPES = YES;
				CLANG_WARN_SUSPICIOUS_MOVE = YES;
				CLANG_WARN_UNGUARDED_AVAILABILITY = YES_AGGRESSIVE;
				CLANG_WARN_UNREACHABLE_CODE = YES;
				CLANG_WARN__DUPLICATE_METHOD_MATCH = YES;
				COPY_PHASE_STRIP = NO;
				DEBUG_INFORMATION_FORMAT = "dwarf-with-dsym";
				ENABLE_NS_ASSERTIONS = NO;
				ENABLE_STRICT_OBJC_MSGSEND = YES;
				GCC_C_LANGUAGE_STANDARD = gnu11;
				GCC_NO_COMMON_BLOCKS = YES;
				GCC_WARN_64_TO_32_BIT_CONVERSION = YES;
				GCC_WARN_ABOUT_RETURN_TYPE = YES_ERROR;
				GCC_WARN_UNDECLARED_SELECTOR = YES;
				GCC_WARN_UNINITIALIZED_AUTOS = YES_AGGRESSIVE;
				GCC_WARN_UNUSED_FUNCTION = YES;
				GCC_WARN_UNUSED_VARIABLE = YES;
				IPHONEOS_DEPLOYMENT_TARGET = 15.4;
				MTL_ENABLE_DEBUG_INFO = NO;
				MTL_FAST_MATH = YES;
				SDKROOT = iphoneos;
				SWIFT_COMPILATION_MODE = wholemodule;
				SWIFT_OPTIMIZATION_LEVEL = "-O";
				VALIDATE_PRODUCT = YES;
			};
			name = Release;
		};
		3A8AC93328CDFE5E00AE536C /* Debug */ = {
			isa = XCBuildConfiguration;
			baseConfigurationReference = C4B76ED039CE091CC9EA3A3E /* Pods-ACNGoT.debug.xcconfig */;
			buildSettings = {
				ASSETCATALOG_COMPILER_APPICON_NAME = AppIcon;
				ASSETCATALOG_COMPILER_GLOBAL_ACCENT_COLOR_NAME = AccentColor;
				CODE_SIGN_STYLE = Automatic;
				CURRENT_PROJECT_VERSION = 1;
				DEVELOPMENT_TEAM = K7629MSRK2;
				GENERATE_INFOPLIST_FILE = YES;
				INFOPLIST_FILE = ACNGoT/Info.plist;
				INFOPLIST_KEY_UIApplicationSupportsIndirectInputEvents = YES;
				INFOPLIST_KEY_UILaunchStoryboardName = LaunchScreen;
				INFOPLIST_KEY_UIMainStoryboardFile = Main;
				INFOPLIST_KEY_UISupportedInterfaceOrientations_iPad = "UIInterfaceOrientationPortrait UIInterfaceOrientationPortraitUpsideDown UIInterfaceOrientationLandscapeLeft UIInterfaceOrientationLandscapeRight";
				INFOPLIST_KEY_UISupportedInterfaceOrientations_iPhone = "UIInterfaceOrientationPortrait UIInterfaceOrientationLandscapeLeft UIInterfaceOrientationLandscapeRight";
				LD_RUNPATH_SEARCH_PATHS = (
					"$(inherited)",
					"@executable_path/Frameworks",
				);
				MARKETING_VERSION = 1.0;
				PRODUCT_BUNDLE_IDENTIFIER = Harsha.ACNGoT;
				PRODUCT_NAME = "$(TARGET_NAME)";
				SWIFT_EMIT_LOC_STRINGS = YES;
				SWIFT_VERSION = 5.0;
				TARGETED_DEVICE_FAMILY = "1,2";
			};
			name = Debug;
		};
		3A8AC93428CDFE5E00AE536C /* Release */ = {
			isa = XCBuildConfiguration;
			baseConfigurationReference = A2A094628BC09F26745D7AC2 /* Pods-ACNGoT.release.xcconfig */;
			buildSettings = {
				ASSETCATALOG_COMPILER_APPICON_NAME = AppIcon;
				ASSETCATALOG_COMPILER_GLOBAL_ACCENT_COLOR_NAME = AccentColor;
				CODE_SIGN_STYLE = Automatic;
				CURRENT_PROJECT_VERSION = 1;
				DEVELOPMENT_TEAM = K7629MSRK2;
				GENERATE_INFOPLIST_FILE = YES;
				INFOPLIST_FILE = ACNGoT/Info.plist;
				INFOPLIST_KEY_UIApplicationSupportsIndirectInputEvents = YES;
				INFOPLIST_KEY_UILaunchStoryboardName = LaunchScreen;
				INFOPLIST_KEY_UIMainStoryboardFile = Main;
				INFOPLIST_KEY_UISupportedInterfaceOrientations_iPad = "UIInterfaceOrientationPortrait UIInterfaceOrientationPortraitUpsideDown UIInterfaceOrientationLandscapeLeft UIInterfaceOrientationLandscapeRight";
				INFOPLIST_KEY_UISupportedInterfaceOrientations_iPhone = "UIInterfaceOrientationPortrait UIInterfaceOrientationLandscapeLeft UIInterfaceOrientationLandscapeRight";
				LD_RUNPATH_SEARCH_PATHS = (
					"$(inherited)",
					"@executable_path/Frameworks",
				);
				MARKETING_VERSION = 1.0;
				PRODUCT_BUNDLE_IDENTIFIER = Harsha.ACNGoT;
				PRODUCT_NAME = "$(TARGET_NAME)";
				SWIFT_EMIT_LOC_STRINGS = YES;
				SWIFT_VERSION = 5.0;
				TARGETED_DEVICE_FAMILY = "1,2";
			};
			name = Release;
		};
		3A8AC93628CDFE5E00AE536C /* Debug */ = {
			isa = XCBuildConfiguration;
			baseConfigurationReference = F700E9533C9DFEA2E42BF318 /* Pods-ACNGoTTests.debug.xcconfig */;
			buildSettings = {
				ALWAYS_EMBED_SWIFT_STANDARD_LIBRARIES = YES;
				BUNDLE_LOADER = "$(TEST_HOST)";
				CODE_SIGN_STYLE = Automatic;
				CURRENT_PROJECT_VERSION = 1;
				DEVELOPMENT_TEAM = K7629MSRK2;
				GENERATE_INFOPLIST_FILE = YES;
				IPHONEOS_DEPLOYMENT_TARGET = 15.4;
				MARKETING_VERSION = 1.0;
				PRODUCT_BUNDLE_IDENTIFIER = Harsha.ACNGoTTests;
				PRODUCT_NAME = "$(TARGET_NAME)";
				SWIFT_EMIT_LOC_STRINGS = NO;
				SWIFT_VERSION = 5.0;
				TARGETED_DEVICE_FAMILY = "1,2";
				TEST_HOST = "$(BUILT_PRODUCTS_DIR)/ACNGoT.app/ACNGoT";
			};
			name = Debug;
		};
		3A8AC93728CDFE5E00AE536C /* Release */ = {
			isa = XCBuildConfiguration;
			baseConfigurationReference = 6561DC32E15672D205F0DB52 /* Pods-ACNGoTTests.release.xcconfig */;
			buildSettings = {
				ALWAYS_EMBED_SWIFT_STANDARD_LIBRARIES = YES;
				BUNDLE_LOADER = "$(TEST_HOST)";
				CODE_SIGN_STYLE = Automatic;
				CURRENT_PROJECT_VERSION = 1;
				DEVELOPMENT_TEAM = K7629MSRK2;
				GENERATE_INFOPLIST_FILE = YES;
				IPHONEOS_DEPLOYMENT_TARGET = 15.4;
				MARKETING_VERSION = 1.0;
				PRODUCT_BUNDLE_IDENTIFIER = Harsha.ACNGoTTests;
				PRODUCT_NAME = "$(TARGET_NAME)";
				SWIFT_EMIT_LOC_STRINGS = NO;
				SWIFT_VERSION = 5.0;
				TARGETED_DEVICE_FAMILY = "1,2";
				TEST_HOST = "$(BUILT_PRODUCTS_DIR)/ACNGoT.app/ACNGoT";
			};
			name = Release;
		};
		3A8AC93928CDFE5E00AE536C /* Debug */ = {
			isa = XCBuildConfiguration;
			baseConfigurationReference = DE67FDB908C0F5A2A2245FDB /* Pods-ACNGoT-ACNGoTUITests.debug.xcconfig */;
			buildSettings = {
				ALWAYS_EMBED_SWIFT_STANDARD_LIBRARIES = YES;
				CODE_SIGN_STYLE = Automatic;
				CURRENT_PROJECT_VERSION = 1;
				DEVELOPMENT_TEAM = K7629MSRK2;
				GENERATE_INFOPLIST_FILE = YES;
				MARKETING_VERSION = 1.0;
				PRODUCT_BUNDLE_IDENTIFIER = Harsha.ACNGoTUITests;
				PRODUCT_NAME = "$(TARGET_NAME)";
				SWIFT_EMIT_LOC_STRINGS = NO;
				SWIFT_VERSION = 5.0;
				TARGETED_DEVICE_FAMILY = "1,2";
				TEST_TARGET_NAME = ACNGoT;
			};
			name = Debug;
		};
		3A8AC93A28CDFE5E00AE536C /* Release */ = {
			isa = XCBuildConfiguration;
			baseConfigurationReference = 59DA46296CB466B31AE98BCD /* Pods-ACNGoT-ACNGoTUITests.release.xcconfig */;
			buildSettings = {
				ALWAYS_EMBED_SWIFT_STANDARD_LIBRARIES = YES;
				CODE_SIGN_STYLE = Automatic;
				CURRENT_PROJECT_VERSION = 1;
				DEVELOPMENT_TEAM = K7629MSRK2;
				GENERATE_INFOPLIST_FILE = YES;
				MARKETING_VERSION = 1.0;
				PRODUCT_BUNDLE_IDENTIFIER = Harsha.ACNGoTUITests;
				PRODUCT_NAME = "$(TARGET_NAME)";
				SWIFT_EMIT_LOC_STRINGS = NO;
				SWIFT_VERSION = 5.0;
				TARGETED_DEVICE_FAMILY = "1,2";
				TEST_TARGET_NAME = ACNGoT;
			};
			name = Release;
		};
/* End XCBuildConfiguration section */

/* Begin XCConfigurationList section */
		3A8AC90028CDFE5D00AE536C /* Build configuration list for PBXProject "ACNGoT" */ = {
			isa = XCConfigurationList;
			buildConfigurations = (
				3A8AC93028CDFE5E00AE536C /* Debug */,
				3A8AC93128CDFE5E00AE536C /* Release */,
			);
			defaultConfigurationIsVisible = 0;
			defaultConfigurationName = Release;
		};
		3A8AC93228CDFE5E00AE536C /* Build configuration list for PBXNativeTarget "ACNGoT" */ = {
			isa = XCConfigurationList;
			buildConfigurations = (
				3A8AC93328CDFE5E00AE536C /* Debug */,
				3A8AC93428CDFE5E00AE536C /* Release */,
			);
			defaultConfigurationIsVisible = 0;
			defaultConfigurationName = Release;
		};
		3A8AC93528CDFE5E00AE536C /* Build configuration list for PBXNativeTarget "ACNGoTTests" */ = {
			isa = XCConfigurationList;
			buildConfigurations = (
				3A8AC93628CDFE5E00AE536C /* Debug */,
				3A8AC93728CDFE5E00AE536C /* Release */,
			);
			defaultConfigurationIsVisible = 0;
			defaultConfigurationName = Release;
		};
		3A8AC93828CDFE5E00AE536C /* Build configuration list for PBXNativeTarget "ACNGoTUITests" */ = {
			isa = XCConfigurationList;
			buildConfigurations = (
				3A8AC93928CDFE5E00AE536C /* Debug */,
				3A8AC93A28CDFE5E00AE536C /* Release */,
			);
			defaultConfigurationIsVisible = 0;
			defaultConfigurationName = Release;
		};
/* End XCConfigurationList section */
	};
	rootObject = 3A8AC8FD28CDFE5D00AE536C /* Project object */;
}
